// !$*UTF8*$!
{
	archiveVersion = 1;
	classes = {
	};
	objectVersion = 46;
	objects = {

/* Begin PBXBuildFile section */
		3D4A33141ECB4292007F4729 /* AppDelegate.swift in Sources */ = {isa = PBXBuildFile; fileRef = 3D4A33131ECB4292007F4729 /* AppDelegate.swift */; };
		3D4A33161ECB4292007F4729 /* ViewController.swift in Sources */ = {isa = PBXBuildFile; fileRef = 3D4A33151ECB4292007F4729 /* ViewController.swift */; };
		3D4A33191ECB4292007F4729 /* Main.storyboard in Resources */ = {isa = PBXBuildFile; fileRef = 3D4A33171ECB4292007F4729 /* Main.storyboard */; };
		3D4A331C1ECB4292007F4729 /* compare_dev.xcdatamodeld in Sources */ = {isa = PBXBuildFile; fileRef = 3D4A331A1ECB4292007F4729 /* compare_dev.xcdatamodeld */; };
		3D4A331E1ECB4292007F4729 /* Assets.xcassets in Resources */ = {isa = PBXBuildFile; fileRef = 3D4A331D1ECB4292007F4729 /* Assets.xcassets */; };
		3D4A33211ECB4292007F4729 /* LaunchScreen.storyboard in Resources */ = {isa = PBXBuildFile; fileRef = 3D4A331F1ECB4292007F4729 /* LaunchScreen.storyboard */; };
		3D4A332C1ECB4292007F4729 /* compare_devTests.swift in Sources */ = {isa = PBXBuildFile; fileRef = 3D4A332B1ECB4292007F4729 /* compare_devTests.swift */; };
		3D4A33371ECB4292007F4729 /* compare_devUITests.swift in Sources */ = {isa = PBXBuildFile; fileRef = 3D4A33361ECB4292007F4729 /* compare_devUITests.swift */; };
/* End PBXBuildFile section */

/* Begin PBXContainerItemProxy section */
		3D4A33281ECB4292007F4729 /* PBXContainerItemProxy */ = {
			isa = PBXContainerItemProxy;
			containerPortal = 3D4A33081ECB4292007F4729 /* Project object */;
			proxyType = 1;
			remoteGlobalIDString = 3D4A330F1ECB4292007F4729;
			remoteInfo = "compare-dev";
		};
		3D4A33331ECB4292007F4729 /* PBXContainerItemProxy */ = {
			isa = PBXContainerItemProxy;
			containerPortal = 3D4A33081ECB4292007F4729 /* Project object */;
			proxyType = 1;
			remoteGlobalIDString = 3D4A330F1ECB4292007F4729;
			remoteInfo = "compare-dev";
		};
/* End PBXContainerItemProxy section */

/* Begin PBXFileReference section */
		3D4A33101ECB4292007F4729 /* compare-dev.app */ = {isa = PBXFileReference; explicitFileType = wrapper.application; includeInIndex = 0; path = "compare-dev.app"; sourceTree = BUILT_PRODUCTS_DIR; };
		3D4A33131ECB4292007F4729 /* AppDelegate.swift */ = {isa = PBXFileReference; lastKnownFileType = sourcecode.swift; path = AppDelegate.swift; sourceTree = "<group>"; };
		3D4A33151ECB4292007F4729 /* ViewController.swift */ = {isa = PBXFileReference; lastKnownFileType = sourcecode.swift; path = ViewController.swift; sourceTree = "<group>"; };
		3D4A33181ECB4292007F4729 /* Base */ = {isa = PBXFileReference; lastKnownFileType = file.storyboard; name = Base; path = Base.lproj/Main.storyboard; sourceTree = "<group>"; };
		3D4A331B1ECB4292007F4729 /* compare_dev.xcdatamodel */ = {isa = PBXFileReference; lastKnownFileType = wrapper.xcdatamodel; path = compare_dev.xcdatamodel; sourceTree = "<group>"; };
		3D4A331D1ECB4292007F4729 /* Assets.xcassets */ = {isa = PBXFileReference; lastKnownFileType = folder.assetcatalog; path = Assets.xcassets; sourceTree = "<group>"; };
		3D4A33201ECB4292007F4729 /* Base */ = {isa = PBXFileReference; lastKnownFileType = file.storyboard; name = Base; path = Base.lproj/LaunchScreen.storyboard; sourceTree = "<group>"; };
		3D4A33221ECB4292007F4729 /* Info.plist */ = {isa = PBXFileReference; lastKnownFileType = text.plist.xml; path = Info.plist; sourceTree = "<group>"; };
		3D4A33271ECB4292007F4729 /* compare-devTests.xctest */ = {isa = PBXFileReference; explicitFileType = wrapper.cfbundle; includeInIndex = 0; path = "compare-devTests.xctest"; sourceTree = BUILT_PRODUCTS_DIR; };
		3D4A332B1ECB4292007F4729 /* compare_devTests.swift */ = {isa = PBXFileReference; lastKnownFileType = sourcecode.swift; path = compare_devTests.swift; sourceTree = "<group>"; };
		3D4A332D1ECB4292007F4729 /* Info.plist */ = {isa = PBXFileReference; lastKnownFileType = text.plist.xml; path = Info.plist; sourceTree = "<group>"; };
		3D4A33321ECB4292007F4729 /* compare-devUITests.xctest */ = {isa = PBXFileReference; explicitFileType = wrapper.cfbundle; includeInIndex = 0; path = "compare-devUITests.xctest"; sourceTree = BUILT_PRODUCTS_DIR; };
		3D4A33361ECB4292007F4729 /* compare_devUITests.swift */ = {isa = PBXFileReference; lastKnownFileType = sourcecode.swift; path = compare_devUITests.swift; sourceTree = "<group>"; };
		3D4A33381ECB4292007F4729 /* Info.plist */ = {isa = PBXFileReference; lastKnownFileType = text.plist.xml; path = Info.plist; sourceTree = "<group>"; };
/* End PBXFileReference section */

/* Begin PBXFrameworksBuildPhase section */
		3D4A330D1ECB4292007F4729 /* Frameworks */ = {
			isa = PBXFrameworksBuildPhase;
			buildActionMask = 2147483647;
			files = (
			);
			runOnlyForDeploymentPostprocessing = 0;
		};
		3D4A33241ECB4292007F4729 /* Frameworks */ = {
			isa = PBXFrameworksBuildPhase;
			buildActionMask = 2147483647;
			files = (
			);
			runOnlyForDeploymentPostprocessing = 0;
		};
		3D4A332F1ECB4292007F4729 /* Frameworks */ = {
			isa = PBXFrameworksBuildPhase;
			buildActionMask = 2147483647;
			files = (
			);
			runOnlyForDeploymentPostprocessing = 0;
		};
/* End PBXFrameworksBuildPhase section */

/* Begin PBXGroup section */
		3D4A33071ECB4291007F4729 = {
			isa = PBXGroup;
			children = (
				3D4A33121ECB4292007F4729 /* compare-dev */,
				3D4A332A1ECB4292007F4729 /* compare-devTests */,
				3D4A33351ECB4292007F4729 /* compare-devUITests */,
				3D4A33111ECB4292007F4729 /* Products */,
			);
			sourceTree = "<group>";
		};
		3D4A33111ECB4292007F4729 /* Products */ = {
			isa = PBXGroup;
			children = (
				3D4A33101ECB4292007F4729 /* compare-dev.app */,
				3D4A33271ECB4292007F4729 /* compare-devTests.xctest */,
				3D4A33321ECB4292007F4729 /* compare-devUITests.xctest */,
			);
			name = Products;
			sourceTree = "<group>";
		};
		3D4A33121ECB4292007F4729 /* compare-dev */ = {
			isa = PBXGroup;
			children = (
				3D4A33131ECB4292007F4729 /* AppDelegate.swift */,
				3D4A33151ECB4292007F4729 /* ViewController.swift */,
				3D4A33171ECB4292007F4729 /* Main.storyboard */,
				3D4A331D1ECB4292007F4729 /* Assets.xcassets */,
				3D4A331F1ECB4292007F4729 /* LaunchScreen.storyboard */,
				3D4A33221ECB4292007F4729 /* Info.plist */,
				3D4A331A1ECB4292007F4729 /* compare_dev.xcdatamodeld */,
			);
			path = "compare-dev";
			sourceTree = "<group>";
		};
		3D4A332A1ECB4292007F4729 /* compare-devTests */ = {
			isa = PBXGroup;
			children = (
				3D4A332B1ECB4292007F4729 /* compare_devTests.swift */,
				3D4A332D1ECB4292007F4729 /* Info.plist */,
			);
			path = "compare-devTests";
			sourceTree = "<group>";
		};
		3D4A33351ECB4292007F4729 /* compare-devUITests */ = {
			isa = PBXGroup;
			children = (
				3D4A33361ECB4292007F4729 /* compare_devUITests.swift */,
				3D4A33381ECB4292007F4729 /* Info.plist */,
			);
			path = "compare-devUITests";
			sourceTree = "<group>";
		};
/* End PBXGroup section */

/* Begin PBXNativeTarget section */
		3D4A330F1ECB4292007F4729 /* compare-dev */ = {
			isa = PBXNativeTarget;
			buildConfigurationList = 3D4A333B1ECB4292007F4729 /* Build configuration list for PBXNativeTarget "compare-dev" */;
			buildPhases = (
				3D4A330C1ECB4292007F4729 /* Sources */,
				3D4A330D1ECB4292007F4729 /* Frameworks */,
				3D4A330E1ECB4292007F4729 /* Resources */,
			);
			buildRules = (
			);
			dependencies = (
			);
			name = "compare-dev";
			productName = "compare-dev";
			productReference = 3D4A33101ECB4292007F4729 /* compare-dev.app */;
			productType = "com.apple.product-type.application";
		};
		3D4A33261ECB4292007F4729 /* compare-devTests */ = {
			isa = PBXNativeTarget;
			buildConfigurationList = 3D4A333E1ECB4292007F4729 /* Build configuration list for PBXNativeTarget "compare-devTests" */;
			buildPhases = (
				3D4A33231ECB4292007F4729 /* Sources */,
				3D4A33241ECB4292007F4729 /* Frameworks */,
				3D4A33251ECB4292007F4729 /* Resources */,
			);
			buildRules = (
			);
			dependencies = (
				3D4A33291ECB4292007F4729 /* PBXTargetDependency */,
			);
			name = "compare-devTests";
			productName = "compare-devTests";
			productReference = 3D4A33271ECB4292007F4729 /* compare-devTests.xctest */;
			productType = "com.apple.product-type.bundle.unit-test";
		};
		3D4A33311ECB4292007F4729 /* compare-devUITests */ = {
			isa = PBXNativeTarget;
			buildConfigurationList = 3D4A33411ECB4292007F4729 /* Build configuration list for PBXNativeTarget "compare-devUITests" */;
			buildPhases = (
				3D4A332E1ECB4292007F4729 /* Sources */,
				3D4A332F1ECB4292007F4729 /* Frameworks */,
				3D4A33301ECB4292007F4729 /* Resources */,
			);
			buildRules = (
			);
			dependencies = (
				3D4A33341ECB4292007F4729 /* PBXTargetDependency */,
			);
			name = "compare-devUITests";
			productName = "compare-devUITests";
			productReference = 3D4A33321ECB4292007F4729 /* compare-devUITests.xctest */;
			productType = "com.apple.product-type.bundle.ui-testing";
		};
/* End PBXNativeTarget section */

/* Begin PBXProject section */
		3D4A33081ECB4292007F4729 /* Project object */ = {
			isa = PBXProject;
			attributes = {
				LastSwiftUpdateCheck = 0800;
				LastUpgradeCheck = 0800;
				ORGANIZATIONNAME = Compare;
				TargetAttributes = {
					3D4A330F1ECB4292007F4729 = {
						CreatedOnToolsVersion = 8.0;
						ProvisioningStyle = Automatic;
					};
					3D4A33261ECB4292007F4729 = {
						CreatedOnToolsVersion = 8.0;
						ProvisioningStyle = Automatic;
						TestTargetID = 3D4A330F1ECB4292007F4729;
					};
					3D4A33311ECB4292007F4729 = {
						CreatedOnToolsVersion = 8.0;
						ProvisioningStyle = Automatic;
						TestTargetID = 3D4A330F1ECB4292007F4729;
					};
				};
			};
			buildConfigurationList = 3D4A330B1ECB4292007F4729 /* Build configuration list for PBXProject "compare-dev" */;
			compatibilityVersion = "Xcode 3.2";
			developmentRegion = English;
			hasScannedForEncodings = 0;
			knownRegions = (
				en,
				Base,
			);
			mainGroup = 3D4A33071ECB4291007F4729;
			productRefGroup = 3D4A33111ECB4292007F4729 /* Products */;
			projectDirPath = "";
			projectRoot = "";
			targets = (
				3D4A330F1ECB4292007F4729 /* compare-dev */,
				3D4A33261ECB4292007F4729 /* compare-devTests */,
				3D4A33311ECB4292007F4729 /* compare-devUITests */,
			);
		};
/* End PBXProject section */

/* Begin PBXResourcesBuildPhase section */
		3D4A330E1ECB4292007F4729 /* Resources */ = {
			isa = PBXResourcesBuildPhase;
			buildActionMask = 2147483647;
			files = (
				3D4A33211ECB4292007F4729 /* LaunchScreen.storyboard in Resources */,
				3D4A331E1ECB4292007F4729 /* Assets.xcassets in Resources */,
				3D4A33191ECB4292007F4729 /* Main.storyboard in Resources */,
			);
			runOnlyForDeploymentPostprocessing = 0;
		};
		3D4A33251ECB4292007F4729 /* Resources */ = {
			isa = PBXResourcesBuildPhase;
			buildActionMask = 2147483647;
			files = (
			);
			runOnlyForDeploymentPostprocessing = 0;
		};
		3D4A33301ECB4292007F4729 /* Resources */ = {
			isa = PBXResourcesBuildPhase;
			buildActionMask = 2147483647;
			files = (
			);
			runOnlyForDeploymentPostprocessing = 0;
		};
/* End PBXResourcesBuildPhase section */

/* Begin PBXSourcesBuildPhase section */
		3D4A330C1ECB4292007F4729 /* Sources */ = {
			isa = PBXSourcesBuildPhase;
			buildActionMask = 2147483647;
			files = (
				3D4A33161ECB4292007F4729 /* ViewController.swift in Sources */,
				3D4A33141ECB4292007F4729 /* AppDelegate.swift in Sources */,
				3D4A331C1ECB4292007F4729 /* compare_dev.xcdatamodeld in Sources */,
			);
			runOnlyForDeploymentPostprocessing = 0;
		};
		3D4A33231ECB4292007F4729 /* Sources */ = {
			isa = PBXSourcesBuildPhase;
			buildActionMask = 2147483647;
			files = (
				3D4A332C1ECB4292007F4729 /* compare_devTests.swift in Sources */,
			);
			runOnlyForDeploymentPostprocessing = 0;
		};
		3D4A332E1ECB4292007F4729 /* Sources */ = {
			isa = PBXSourcesBuildPhase;
			buildActionMask = 2147483647;
			files = (
				3D4A33371ECB4292007F4729 /* compare_devUITests.swift in Sources */,
			);
			runOnlyForDeploymentPostprocessing = 0;
		};
/* End PBXSourcesBuildPhase section */

/* Begin PBXTargetDependency section */
		3D4A33291ECB4292007F4729 /* PBXTargetDependency */ = {
			isa = PBXTargetDependency;
			target = 3D4A330F1ECB4292007F4729 /* compare-dev */;
			targetProxy = 3D4A33281ECB4292007F4729 /* PBXContainerItemProxy */;
		};
		3D4A33341ECB4292007F4729 /* PBXTargetDependency */ = {
			isa = PBXTargetDependency;
			target = 3D4A330F1ECB4292007F4729 /* compare-dev */;
			targetProxy = 3D4A33331ECB4292007F4729 /* PBXContainerItemProxy */;
		};
/* End PBXTargetDependency section */

/* Begin PBXVariantGroup section */
		3D4A33171ECB4292007F4729 /* Main.storyboard */ = {
			isa = PBXVariantGroup;
			children = (
				3D4A33181ECB4292007F4729 /* Base */,
			);
			name = Main.storyboard;
			sourceTree = "<group>";
		};
		3D4A331F1ECB4292007F4729 /* LaunchScreen.storyboard */ = {
			isa = PBXVariantGroup;
			children = (
				3D4A33201ECB4292007F4729 /* Base */,
			);
			name = LaunchScreen.storyboard;
			sourceTree = "<group>";
		};
/* End PBXVariantGroup section */

/* Begin XCBuildConfiguration section */
		3D4A33391ECB4292007F4729 /* Debug */ = {
			isa = XCBuildConfiguration;
			buildSettings = {
				ALWAYS_SEARCH_USER_PATHS = NO;
				CLANG_ANALYZER_NONNULL = YES;
				CLANG_CXX_LANGUAGE_STANDARD = "gnu++0x";
				CLANG_CXX_LIBRARY = "libc++";
				CLANG_ENABLE_MODULES = YES;
				CLANG_ENABLE_OBJC_ARC = YES;
				CLANG_WARN_BOOL_CONVERSION = YES;
				CLANG_WARN_CONSTANT_CONVERSION = YES;
				CLANG_WARN_DIRECT_OBJC_ISA_USAGE = YES_ERROR;
				CLANG_WARN_DOCUMENTATION_COMMENTS = YES;
				CLANG_WARN_EMPTY_BODY = YES;
				CLANG_WARN_ENUM_CONVERSION = YES;
				CLANG_WARN_INFINITE_RECURSION = YES;
				CLANG_WARN_INT_CONVERSION = YES;
				CLANG_WARN_OBJC_ROOT_CLASS = YES_ERROR;
				CLANG_WARN_SUSPICIOUS_MOVES = YES;
				CLANG_WARN_UNREACHABLE_CODE = YES;
				CLANG_WARN__DUPLICATE_METHOD_MATCH = YES;
				"CODE_SIGN_IDENTITY[sdk=iphoneos*]" = "iPhone Developer";
				COPY_PHASE_STRIP = NO;
				DEBUG_INFORMATION_FORMAT = dwarf;
				ENABLE_STRICT_OBJC_MSGSEND = YES;
				ENABLE_TESTABILITY = YES;
				GCC_C_LANGUAGE_STANDARD = gnu99;
				GCC_DYNAMIC_NO_PIC = NO;
				GCC_NO_COMMON_BLOCKS = YES;
				GCC_OPTIMIZATION_LEVEL = 0;
				GCC_PREPROCESSOR_DEFINITIONS = (
					"DEBUG=1",
					"$(inherited)",
				);
				GCC_WARN_64_TO_32_BIT_CONVERSION = YES;
				GCC_WARN_ABOUT_RETURN_TYPE = YES_ERROR;
				GCC_WARN_UNDECLARED_SELECTOR = YES;
				GCC_WARN_UNINITIALIZED_AUTOS = YES_AGGRESSIVE;
				GCC_WARN_UNUSED_FUNCTION = YES;
				GCC_WARN_UNUSED_VARIABLE = YES;
				IPHONEOS_DEPLOYMENT_TARGET = 10.0;
				MTL_ENABLE_DEBUG_INFO = YES;
				ONLY_ACTIVE_ARCH = YES;
				SDKROOT = iphoneos;
				SWIFT_ACTIVE_COMPILATION_CONDITIONS = DEBUG;
				SWIFT_OPTIMIZATION_LEVEL = "-Onone";
				TARGETED_DEVICE_FAMILY = "1,2";
			};
			name = Debug;
		};
		3D4A333A1ECB4292007F4729 /* Release */ = {
			isa = XCBuildConfiguration;
			buildSettings = {
				ALWAYS_SEARCH_USER_PATHS = NO;
				CLANG_ANALYZER_NONNULL = YES;
				CLANG_CXX_LANGUAGE_STANDARD = "gnu++0x";
				CLANG_CXX_LIBRARY = "libc++";
				CLANG_ENABLE_MODULES = YES;
				CLANG_ENABLE_OBJC_ARC = YES;
				CLANG_WARN_BOOL_CONVERSION = YES;
				CLANG_WARN_CONSTANT_CONVERSION = YES;
				CLANG_WARN_DIRECT_OBJC_ISA_USAGE = YES_ERROR;
				CLANG_WARN_DOCUMENTATION_COMMENTS = YES;
				CLANG_WARN_EMPTY_BODY = YES;
				CLANG_WARN_ENUM_CONVERSION = YES;
				CLANG_WARN_INFINITE_RECURSION = YES;
				CLANG_WARN_INT_CONVERSION = YES;
				CLANG_WARN_OBJC_ROOT_CLASS = YES_ERROR;
				CLANG_WARN_SUSPICIOUS_MOVES = YES;
				CLANG_WARN_UNREACHABLE_CODE = YES;
				CLANG_WARN__DUPLICATE_METHOD_MATCH = YES;
				"CODE_SIGN_IDENTITY[sdk=iphoneos*]" = "iPhone Developer";
				COPY_PHASE_STRIP = NO;
				DEBUG_INFORMATION_FORMAT = "dwarf-with-dsym";
				ENABLE_NS_ASSERTIONS = NO;
				ENABLE_STRICT_OBJC_MSGSEND = YES;
				GCC_C_LANGUAGE_STANDARD = gnu99;
				GCC_NO_COMMON_BLOCKS = YES;
				GCC_WARN_64_TO_32_BIT_CONVERSION = YES;
				GCC_WARN_ABOUT_RETURN_TYPE = YES_ERROR;
				GCC_WARN_UNDECLARED_SELECTOR = YES;
				GCC_WARN_UNINITIALIZED_AUTOS = YES_AGGRESSIVE;
				GCC_WARN_UNUSED_FUNCTION = YES;
				GCC_WARN_UNUSED_VARIABLE = YES;
				IPHONEOS_DEPLOYMENT_TARGET = 10.0;
				MTL_ENABLE_DEBUG_INFO = NO;
				SDKROOT = iphoneos;
				SWIFT_OPTIMIZATION_LEVEL = "-Owholemodule";
				TARGETED_DEVICE_FAMILY = "1,2";
				VALIDATE_PRODUCT = YES;
			};
			name = Release;
		};
		3D4A333C1ECB4292007F4729 /* Debug */ = {
			isa = XCBuildConfiguration;
			buildSettings = {
				ASSETCATALOG_COMPILER_APPICON_NAME = AppIcon;
				INFOPLIST_FILE = "compare-dev/Info.plist";
				LD_RUNPATH_SEARCH_PATHS = "$(inherited) @executable_path/Frameworks";
				PRODUCT_BUNDLE_IDENTIFIER = "WB.compare-dev";
				PRODUCT_NAME = "$(TARGET_NAME)";
				SWIFT_VERSION = 3.0;
			};
			name = Debug;
		};
		3D4A333D1ECB4292007F4729 /* Release */ = {
			isa = XCBuildConfiguration;
			buildSettings = {
				ASSETCATALOG_COMPILER_APPICON_NAME = AppIcon;
				INFOPLIST_FILE = "compare-dev/Info.plist";
				LD_RUNPATH_SEARCH_PATHS = "$(inherited) @executable_path/Frameworks";
				PRODUCT_BUNDLE_IDENTIFIER = "WB.compare-dev";
				PRODUCT_NAME = "$(TARGET_NAME)";
				SWIFT_VERSION = 3.0;
			};
			name = Release;
		};
		3D4A333F1ECB4292007F4729 /* Debug */ = {
			isa = XCBuildConfiguration;
			buildSettings = {
				ALWAYS_EMBED_SWIFT_STANDARD_LIBRARIES = YES;
				BUNDLE_LOADER = "$(TEST_HOST)";
				INFOPLIST_FILE = "compare-devTests/Info.plist";
				LD_RUNPATH_SEARCH_PATHS = "$(inherited) @executable_path/Frameworks @loader_path/Frameworks";
				PRODUCT_BUNDLE_IDENTIFIER = "WB.compare-devTests";
				PRODUCT_NAME = "$(TARGET_NAME)";
				SWIFT_VERSION = 3.0;
				TEST_HOST = "$(BUILT_PRODUCTS_DIR)/compare-dev.app/compare-dev";
			};
			name = Debug;
		};
		3D4A33401ECB4292007F4729 /* Release */ = {
			isa = XCBuildConfiguration;
			buildSettings = {
				ALWAYS_EMBED_SWIFT_STANDARD_LIBRARIES = YES;
				BUNDLE_LOADER = "$(TEST_HOST)";
				INFOPLIST_FILE = "compare-devTests/Info.plist";
				LD_RUNPATH_SEARCH_PATHS = "$(inherited) @executable_path/Frameworks @loader_path/Frameworks";
				PRODUCT_BUNDLE_IDENTIFIER = "WB.compare-devTests";
				PRODUCT_NAME = "$(TARGET_NAME)";
				SWIFT_VERSION = 3.0;
				TEST_HOST = "$(BUILT_PRODUCTS_DIR)/compare-dev.app/compare-dev";
			};
			name = Release;
		};
		3D4A33421ECB4292007F4729 /* Debug */ = {
			isa = XCBuildConfiguration;
			buildSettings = {
				ALWAYS_EMBED_SWIFT_STANDARD_LIBRARIES = YES;
				INFOPLIST_FILE = "compare-devUITests/Info.plist";
				LD_RUNPATH_SEARCH_PATHS = "$(inherited) @executable_path/Frameworks @loader_path/Frameworks";
				PRODUCT_BUNDLE_IDENTIFIER = "WB.compare-devUITests";
				PRODUCT_NAME = "$(TARGET_NAME)";
				SWIFT_VERSION = 3.0;
				TEST_TARGET_NAME = "compare-dev";
			};
			name = Debug;
		};
		3D4A33431ECB4292007F4729 /* Release */ = {
			isa = XCBuildConfiguration;
			buildSettings = {
				ALWAYS_EMBED_SWIFT_STANDARD_LIBRARIES = YES;
				INFOPLIST_FILE = "compare-devUITests/Info.plist";
				LD_RUNPATH_SEARCH_PATHS = "$(inherited) @executable_path/Frameworks @loader_path/Frameworks";
				PRODUCT_BUNDLE_IDENTIFIER = "WB.compare-devUITests";
				PRODUCT_NAME = "$(TARGET_NAME)";
				SWIFT_VERSION = 3.0;
				TEST_TARGET_NAME = "compare-dev";
			};
			name = Release;
		};
/* End XCBuildConfiguration section */

/* Begin XCConfigurationList section */
		3D4A330B1ECB4292007F4729 /* Build configuration list for PBXProject "compare-dev" */ = {
			isa = XCConfigurationList;
			buildConfigurations = (
				3D4A33391ECB4292007F4729 /* Debug */,
				3D4A333A1ECB4292007F4729 /* Release */,
			);
			defaultConfigurationIsVisible = 0;
			defaultConfigurationName = Release;
		};
		3D4A333B1ECB4292007F4729 /* Build configuration list for PBXNativeTarget "compare-dev" */ = {
			isa = XCConfigurationList;
			buildConfigurations = (
				3D4A333C1ECB4292007F4729 /* Debug */,
				3D4A333D1ECB4292007F4729 /* Release */,
			);
			defaultConfigurationIsVisible = 0;
		};
		3D4A333E1ECB4292007F4729 /* Build configuration list for PBXNativeTarget "compare-devTests" */ = {
			isa = XCConfigurationList;
			buildConfigurations = (
				3D4A333F1ECB4292007F4729 /* Debug */,
				3D4A33401ECB4292007F4729 /* Release */,
			);
			defaultConfigurationIsVisible = 0;
		};
		3D4A33411ECB4292007F4729 /* Build configuration list for PBXNativeTarget "compare-devUITests" */ = {
			isa = XCConfigurationList;
			buildConfigurations = (
				3D4A33421ECB4292007F4729 /* Debug */,
				3D4A33431ECB4292007F4729 /* Release */,
			);
			defaultConfigurationIsVisible = 0;
		};
/* End XCConfigurationList section */

/* Begin XCVersionGroup section */
		3D4A331A1ECB4292007F4729 /* compare_dev.xcdatamodeld */ = {
			isa = XCVersionGroup;
			children = (
				3D4A331B1ECB4292007F4729 /* compare_dev.xcdatamodel */,
			);
			currentVersion = 3D4A331B1ECB4292007F4729 /* compare_dev.xcdatamodel */;
			path = compare_dev.xcdatamodeld;
			sourceTree = "<group>";
			versionGroupType = wrapper.xcdatamodel;
		};
/* End XCVersionGroup section */
	};
	rootObject = 3D4A33081ECB4292007F4729 /* Project object */;
}
